[[source]]
name = "CRAN"
url = "https://cloud.r-project.org/"

[[source]]
name = "QS"
url = "https://cran.ma.imperial.ac.uk/"

[[entry]]
type="root"
categories = []
dependencies = [ "assertthat", "rlang",]

[[entry]]
type = "source"
name = "assertthat"
version = "0.2.1"
source = "CRAN"
categories = [ "dev",]
dependencies = []
[[entry.files]]
name = "assertthat_0.2.1.tar.gz"
hash = "sha256:85cf7fcc4753a8c86da9a6f454e46c2a58ffc70c4f47cac4d3e3bcefda2a9e9f"


[[entry]]
type = "source"
name = "rlang"
version = "0.4.2"
source = "CRAN"
categories = [ "main",]
dependencies = []
[[entry.files]]
name = "rlang_0.4.2.tar.gz"
hash = "sha256:fbd1c9cb81c94f769bd57079d7ef0682f27b971181340b2ed1e3ab79c2659f39"


[metadata]
content_hash = "0403111a150fe98fb91ccf1f37fc86dd377ef6acd7083738d5596227dbf722a4"
conservative = false
version = 2
